
Microsoft Visual Studio Solution File, Format Version 12.00
Project("{FAE04EC0-301F-11D3-BF4B-00C04F79EFBC}") = "WaLI", "WaLI.csproj", "{BFBA9854-6F15-4E30-A3A9-4EA92C64BD04}"
EndProject
Global
	GlobalSection(SolutionConfigurationPlatforms) = preSolution
		Debug|Any CPU = Debug|Any CPU
		Release|Any CPU = Release|Any CPU
	EndGlobalSection
	GlobalSection(ProjectConfigurationPlatforms) = postSolution
		{BFBA9854-6F15-4E30-A3A9-4EA92C64BD04}.Debug|Any CPU.ActiveCfg = Debug|Any CPU
		{BFBA9854-6F15-4E30-A3A9-4EA92C64BD04}.Debug|Any CPU.Build.0 = Debug|Any CPU
		{BFBA9854-6F15-4E30-A3A9-4EA92C64BD04}.Release|Any CPU.ActiveCfg = Release|Any CPU
		{BFBA9854-6F15-4E30-A3A9-4EA92C64BD04}.Release|Any CPU.Build.0 = Release|Any CPU
	EndGlobalSection
EndGlobal
